
Microsoft Visual Studio Solution File, Format Version 12.00
# Visual Studio Version 16
VisualStudioVersion = 16.0.30128.74
MinimumVisualStudioVersion = 10.0.40219.1
Project("{FAE04EC0-301F-11D3-BF4B-00C04F79EFBC}") = "DelicaciesFood", "DelicaciesFood\DelicaciesFood.csproj", "{71D48831-3CAF-4C64-9DA0-46CC1A2E90A5}"
EndProject
Global
	GlobalSection(SolutionConfigurationPlatforms) = preSolution
		Debug|Any CPU = Debug|Any CPU
		Release|Any CPU = Release|Any CPU
	EndGlobalSection
	GlobalSection(ProjectConfigurationPlatforms) = postSolution
		{71D48831-3CAF-4C64-9DA0-46CC1A2E90A5}.Debug|Any CPU.ActiveCfg = Debug|Any CPU
		{71D48831-3CAF-4C64-9DA0-46CC1A2E90A5}.Debug|Any CPU.Build.0 = Debug|Any CPU
		{71D48831-3CAF-4C64-9DA0-46CC1A2E90A5}.Release|Any CPU.ActiveCfg = Release|Any CPU
		{71D48831-3CAF-4C64-9DA0-46CC1A2E90A5}.Release|Any CPU.Build.0 = Release|Any CPU
	EndGlobalSection
	GlobalSection(SolutionProperties) = preSolution
		HideSolutionNode = FALSE
	EndGlobalSection
	GlobalSection(ExtensibilityGlobals) = postSolution
		SolutionGuid = {DF167313-1EAD-43CF-A8B9-F1E47168DEC4}
	EndGlobalSection
EndGlobal
